// !$*UTF8*$!
{
	archiveVersion = 1;
	classes = {
	};
	objectVersion = 48;
	objects = {

/* Begin PBXBuildFile section */
		0980F5AB1FC114BE00714528 /* ChartViewController.m in Sources */ = {isa = PBXBuildFile; fileRef = 0980F5A91FC114BE00714528 /* ChartViewController.m */; };
		0980F5AC1FC114BE00714528 /* ChartViewController.xib in Resources */ = {isa = PBXBuildFile; fileRef = 0980F5AA1FC114BE00714528 /* ChartViewController.xib */; };
		0980F5C61FC1163800714528 /* BSViewController.m in Sources */ = {isa = PBXBuildFile; fileRef = 0980F5AE1FC1163800714528 /* BSViewController.m */; };
		0980F5C71FC1163800714528 /* BSTabBarController.m in Sources */ = {isa = PBXBuildFile; fileRef = 0980F5AF1FC1163800714528 /* BSTabBarController.m */; };
		0980F5C91FC1163800714528 /* BSPageControl.m in Sources */ = {isa = PBXBuildFile; fileRef = 0980F5B41FC1163800714528 /* BSPageControl.m */; };
		0980F5CA1FC1163800714528 /* BSTableViewCell.m in Sources */ = {isa = PBXBuildFile; fileRef = 0980F5B71FC1163800714528 /* BSTableViewCell.m */; };
		0980F5CB1FC1163800714528 /* BSButton.m in Sources */ = {isa = PBXBuildFile; fileRef = 0980F5B91FC1163800714528 /* BSButton.m */; };
		0980F5CC1FC1163800714528 /* BSTextView.m in Sources */ = {isa = PBXBuildFile; fileRef = 0980F5BA1FC1163800714528 /* BSTextView.m */; };
		0980F5CD1FC1163800714528 /* BSRefreshFooter.m in Sources */ = {isa = PBXBuildFile; fileRef = 0980F5BB1FC1163800714528 /* BSRefreshFooter.m */; };
		0980F5CE1FC1163800714528 /* BSRefreshHeader.m in Sources */ = {isa = PBXBuildFile; fileRef = 0980F5BD1FC1163800714528 /* BSRefreshHeader.m */; };
		0980F5CF1FC1163800714528 /* BSTitleInputTableViewCell.m in Sources */ = {isa = PBXBuildFile; fileRef = 0980F5BE1FC1163800714528 /* BSTitleInputTableViewCell.m */; };
		0980F5D01FC1163800714528 /* LSTitleContentTableViewCell.m in Sources */ = {isa = PBXBuildFile; fileRef = 0980F5C01FC1163800714528 /* LSTitleContentTableViewCell.m */; };
		0980F5D11FC1163800714528 /* LSTitleContentTableViewCell.xib in Resources */ = {isa = PBXBuildFile; fileRef = 0980F5C11FC1163800714528 /* LSTitleContentTableViewCell.xib */; };
		0980F5D41FC121C300714528 /* HeaderView.m in Sources */ = {isa = PBXBuildFile; fileRef = 0980F5D31FC121C300714528 /* HeaderView.m */; };
		0980F5D61FC121D500714528 /* HeaderView.xib in Resources */ = {isa = PBXBuildFile; fileRef = 0980F5D51FC121D500714528 /* HeaderView.xib */; };
		0980F5D91FC1243400714528 /* XXNibBridge.m in Sources */ = {isa = PBXBuildFile; fileRef = 0980F5D81FC1243400714528 /* XXNibBridge.m */; };
		0C1647D51FC00EA100BC4B4D /* HomeDetailsViewController.m in Sources */ = {isa = PBXBuildFile; fileRef = 0C1647D31FC00EA100BC4B4D /* HomeDetailsViewController.m */; };
		0C1647D61FC00EA100BC4B4D /* HomeDetailsViewController.xib in Resources */ = {isa = PBXBuildFile; fileRef = 0C1647D41FC00EA100BC4B4D /* HomeDetailsViewController.xib */; };
		0C1647E01FC00FD400BC4B4D /* HomeDetailsTableViewCell.m in Sources */ = {isa = PBXBuildFile; fileRef = 0C1647DE1FC00FD400BC4B4D /* HomeDetailsTableViewCell.m */; };
		0C1647E11FC00FD400BC4B4D /* HomeDetailsTableViewCell.xib in Resources */ = {isa = PBXBuildFile; fileRef = 0C1647DF1FC00FD400BC4B4D /* HomeDetailsTableViewCell.xib */; };
		0C1647E31FC037F800BC4B4D /* homeData.plist in Resources */ = {isa = PBXBuildFile; fileRef = 0C1647E21FC037F800BC4B4D /* homeData.plist */; };
		0C1647E61FC043F600BC4B4D /* HomeModel.m in Sources */ = {isa = PBXBuildFile; fileRef = 0C1647E51FC043F600BC4B4D /* HomeModel.m */; };
		0C9B31681FC14F4F00ED7851 /* HomeDetailsModel.m in Sources */ = {isa = PBXBuildFile; fileRef = 0C9B31671FC14F4F00ED7851 /* HomeDetailsModel.m */; };
		0C9B31711FC1684400ED7851 /* HomeDetailsTwoTableViewCell.m in Sources */ = {isa = PBXBuildFile; fileRef = 0C9B316F1FC1684400ED7851 /* HomeDetailsTwoTableViewCell.m */; };
		0C9B31721FC1684400ED7851 /* HomeDetailsTwoTableViewCell.xib in Resources */ = {isa = PBXBuildFile; fileRef = 0C9B31701FC1684400ED7851 /* HomeDetailsTwoTableViewCell.xib */; };
		0CA438BB1FBFD4A700AFACB0 /* HomeCollectionViewCell.m in Sources */ = {isa = PBXBuildFile; fileRef = 0CA438B91FBFD4A700AFACB0 /* HomeCollectionViewCell.m */; };
		0CA438BC1FBFD4A700AFACB0 /* HomeCollectionViewCell.xib in Resources */ = {isa = PBXBuildFile; fileRef = 0CA438BA1FBFD4A700AFACB0 /* HomeCollectionViewCell.xib */; };
		0CA438C51FBFDAA800AFACB0 /* HomeViewController.m in Sources */ = {isa = PBXBuildFile; fileRef = 0CA438C31FBFDAA800AFACB0 /* HomeViewController.m */; };
		0CA438C61FBFDAA800AFACB0 /* HomeViewController.xib in Resources */ = {isa = PBXBuildFile; fileRef = 0CA438C41FBFDAA800AFACB0 /* HomeViewController.xib */; };
		156BFAA4A1AB9BEB85A6461B /* libPods-bjsc.a in Frameworks */ = {isa = PBXBuildFile; fileRef = 74480258CC4FA6F4361B2FBD /* libPods-bjsc.a */; };
		2428DF2E1FC265DC000B3408 /* TypeView.m in Sources */ = {isa = PBXBuildFile; fileRef = 2428DF2D1FC265DC000B3408 /* TypeView.m */; };
		2428DF301FC265E7000B3408 /* TypeView.xib in Resources */ = {isa = PBXBuildFile; fileRef = 2428DF2F1FC265E7000B3408 /* TypeView.xib */; };
		2428DF3D1FC26AFB000B3408 /* BaseService.m in Sources */ = {isa = PBXBuildFile; fileRef = 2428DF331FC26AFB000B3408 /* BaseService.m */; };
		2428DF3E1FC26AFB000B3408 /* BSError.m in Sources */ = {isa = PBXBuildFile; fileRef = 2428DF351FC26AFB000B3408 /* BSError.m */; };
		2428DF3F1FC26AFB000B3408 /* BSHttpService.m in Sources */ = {isa = PBXBuildFile; fileRef = 2428DF371FC26AFB000B3408 /* BSHttpService.m */; };
		2428DF401FC26AFB000B3408 /* BSUrl.m in Sources */ = {isa = PBXBuildFile; fileRef = 2428DF391FC26AFB000B3408 /* BSUrl.m */; };
		2428DF411FC26AFB000B3408 /* LPRequest.m in Sources */ = {isa = PBXBuildFile; fileRef = 2428DF3B1FC26AFB000B3408 /* LPRequest.m */; };
		2428DFCB1FC26CBB000B3408 /* LPSystemManager.m in Sources */ = {isa = PBXBuildFile; fileRef = 2428DF991FC26CBB000B3408 /* LPSystemManager.m */; };
		2428DFCC1FC26CBB000B3408 /* NSArray+WSArray.m in Sources */ = {isa = PBXBuildFile; fileRef = 2428DF9D1FC26CBB000B3408 /* NSArray+WSArray.m */; };
		2428DFCD1FC26CBB000B3408 /* NSDate+Ext.m in Sources */ = {isa = PBXBuildFile; fileRef = 2428DF9F1FC26CBB000B3408 /* NSDate+Ext.m */; };
		2428DFCE1FC26CBB000B3408 /* NSDateFormatter+Ext.m in Sources */ = {isa = PBXBuildFile; fileRef = 2428DFA11FC26CBB000B3408 /* NSDateFormatter+Ext.m */; };
		2428DFCF1FC26CBB000B3408 /* NSDictionary+NullReplacement.m in Sources */ = {isa = PBXBuildFile; fileRef = 2428DFA31FC26CBB000B3408 /* NSDictionary+NullReplacement.m */; };
		2428DFD01FC26CBB000B3408 /* NSMutableArray+WSMutableArray.m in Sources */ = {isa = PBXBuildFile; fileRef = 2428DFA51FC26CBB000B3408 /* NSMutableArray+WSMutableArray.m */; };
		2428DFD11FC26CBB000B3408 /* NSString+Ext.m in Sources */ = {isa = PBXBuildFile; fileRef = 2428DFA71FC26CBB000B3408 /* NSString+Ext.m */; };
		2428DFD21FC26CBB000B3408 /* NSString+WSString.m in Sources */ = {isa = PBXBuildFile; fileRef = 2428DFA91FC26CBB000B3408 /* NSString+WSString.m */; };
		2428DFD31FC26CBB000B3408 /* ThemeColorXIBSupports.m in Sources */ = {isa = PBXBuildFile; fileRef = 2428DFAB1FC26CBB000B3408 /* ThemeColorXIBSupports.m */; };
		2428DFD41FC26CBB000B3408 /* UIColor+Ext.m in Sources */ = {isa = PBXBuildFile; fileRef = 2428DFAD1FC26CBB000B3408 /* UIColor+Ext.m */; };
		2428DFD51FC26CBB000B3408 /* UIDevice+Ext.m in Sources */ = {isa = PBXBuildFile; fileRef = 2428DFAF1FC26CBB000B3408 /* UIDevice+Ext.m */; };
		2428DFD61FC26CBB000B3408 /* UIImage+Ext.m in Sources */ = {isa = PBXBuildFile; fileRef = 2428DFB11FC26CBB000B3408 /* UIImage+Ext.m */; };
		2428DFD71FC26CBB000B3408 /* UIImage+Extensions.m in Sources */ = {isa = PBXBuildFile; fileRef = 2428DFB31FC26CBB000B3408 /* UIImage+Extensions.m */; };
		2428DFD81FC26CBB000B3408 /* UILabel+AdaptiveLabel.m in Sources */ = {isa = PBXBuildFile; fileRef = 2428DFB51FC26CBB000B3408 /* UILabel+AdaptiveLabel.m */; };
		2428DFD91FC26CBB000B3408 /* UINavigationBar+Awesome.m in Sources */ = {isa = PBXBuildFile; fileRef = 2428DFB71FC26CBB000B3408 /* UINavigationBar+Awesome.m */; };
		2428DFDA1FC26CBB000B3408 /* UINavigationBar+NavAlpha.m in Sources */ = {isa = PBXBuildFile; fileRef = 2428DFB91FC26CBB000B3408 /* UINavigationBar+NavAlpha.m */; };
		2428DFDB1FC26CBB000B3408 /* UIView+Frame.m in Sources */ = {isa = PBXBuildFile; fileRef = 2428DFBB1FC26CBB000B3408 /* UIView+Frame.m */; };
		2428DFDC1FC26CBB000B3408 /* UIView+Shake.m in Sources */ = {isa = PBXBuildFile; fileRef = 2428DFBD1FC26CBB000B3408 /* UIView+Shake.m */; };
		2428DFDD1FC26CBB000B3408 /* UIView+UIViewController.m in Sources */ = {isa = PBXBuildFile; fileRef = 2428DFBF1FC26CBB000B3408 /* UIView+UIViewController.m */; };
		2428DFDE1FC26CBB000B3408 /* CommonUtils.m in Sources */ = {isa = PBXBuildFile; fileRef = 2428DFC11FC26CBB000B3408 /* CommonUtils.m */; };
		2428DFDF1FC26CBB000B3408 /* ESOpenUDID.m in Sources */ = {isa = PBXBuildFile; fileRef = 2428DFC31FC26CBB000B3408 /* ESOpenUDID.m */; settings = {COMPILER_FLAGS = "-fno-objc-arc"; }; };
		2428DFE01FC26CBB000B3408 /* LPUnitily.m in Sources */ = {isa = PBXBuildFile; fileRef = 2428DFC61FC26CBB000B3408 /* LPUnitily.m */; };
		2428DFE11FC26CBB000B3408 /* PrecentCricleView.m in Sources */ = {isa = PBXBuildFile; fileRef = 2428DFC81FC26CBB000B3408 /* PrecentCricleView.m */; };
		2428DFE21FC26CBB000B3408 /* UtilFunc.m in Sources */ = {isa = PBXBuildFile; fileRef = 2428DFCA1FC26CBB000B3408 /* UtilFunc.m */; };
		2428DFE51FC26D4B000B3408 /* JSONKit.m in Sources */ = {isa = PBXBuildFile; fileRef = 2428DFE41FC26D4A000B3408 /* JSONKit.m */; settings = {COMPILER_FLAGS = "-fno-objc-arc"; }; };
		2428DFE81FC26F32000B3408 /* LSNetworkService.m in Sources */ = {isa = PBXBuildFile; fileRef = 2428DFE71FC26F32000B3408 /* LSNetworkService.m */; };
		2428DFEB1FC28874000B3408 /* NumberView.m in Sources */ = {isa = PBXBuildFile; fileRef = 2428DFEA1FC28874000B3408 /* NumberView.m */; };
		2428DFED1FC2887F000B3408 /* NumberView.xib in Resources */ = {isa = PBXBuildFile; fileRef = 2428DFEC1FC2887F000B3408 /* NumberView.xib */; };
		2428DFF11FC2890E000B3408 /* NumberTableViewCell.m in Sources */ = {isa = PBXBuildFile; fileRef = 2428DFEF1FC2890E000B3408 /* NumberTableViewCell.m */; };
		2428DFF21FC2890E000B3408 /* NumberTableViewCell.xib in Resources */ = {isa = PBXBuildFile; fileRef = 2428DFF01FC2890E000B3408 /* NumberTableViewCell.xib */; };
		2428DFF51FC28BA5000B3408 /* ChartViewModel.m in Sources */ = {isa = PBXBuildFile; fileRef = 2428DFF41FC28BA5000B3408 /* ChartViewModel.m */; };
		2428DFF91FC2C570000B3408 /* ViewController.m in Sources */ = {isa = PBXBuildFile; fileRef = 2428DFF71FC2C570000B3408 /* ViewController.m */; };
		2428DFFC1FC2DF43000B3408 /* WebViewController.m in Sources */ = {isa = PBXBuildFile; fileRef = 2428DFFB1FC2DF43000B3408 /* WebViewController.m */; };
		243EFCA71FBD30E300DB995A /* AppDelegate.m in Sources */ = {isa = PBXBuildFile; fileRef = 243EFCA61FBD30E300DB995A /* AppDelegate.m */; };
		243EFCAD1FBD30E300DB995A /* Main.storyboard in Resources */ = {isa = PBXBuildFile; fileRef = 243EFCAB1FBD30E300DB995A /* Main.storyboard */; };
		243EFCAF1FBD30E300DB995A /* Assets.xcassets in Resources */ = {isa = PBXBuildFile; fileRef = 243EFCAE1FBD30E300DB995A /* Assets.xcassets */; };
		243EFCB21FBD30E300DB995A /* LaunchScreen.storyboard in Resources */ = {isa = PBXBuildFile; fileRef = 243EFCB01FBD30E300DB995A /* LaunchScreen.storyboard */; };
		243EFCB51FBD30E300DB995A /* main.m in Sources */ = {isa = PBXBuildFile; fileRef = 243EFCB41FBD30E300DB995A /* main.m */; };
/* End PBXBuildFile section */

/* Begin PBXFileReference section */
		0980F5A81FC114BE00714528 /* ChartViewController.h */ = {isa = PBXFileReference; lastKnownFileType = sourcecode.c.h; path = ChartViewController.h; sourceTree = "<group>"; };
		0980F5A91FC114BE00714528 /* ChartViewController.m */ = {isa = PBXFileReference; lastKnownFileType = sourcecode.c.objc; path = ChartViewController.m; sourceTree = "<group>"; };
		0980F5AA1FC114BE00714528 /* ChartViewController.xib */ = {isa = PBXFileReference; lastKnownFileType = file.xib; path = ChartViewController.xib; sourceTree = "<group>"; };
		0980F5AE1FC1163800714528 /* BSViewController.m */ = {isa = PBXFileReference; fileEncoding = 4; lastKnownFileType = sourcecode.c.objc; path = BSViewController.m; sourceTree = "<group>"; };
		0980F5AF1FC1163800714528 /* BSTabBarController.m */ = {isa = PBXFileReference; fileEncoding = 4; lastKnownFileType = sourcecode.c.objc; path = BSTabBarController.m; sourceTree = "<group>"; };
		0980F5B11FC1163800714528 /* BSViewController.h */ = {isa = PBXFileReference; fileEncoding = 4; lastKnownFileType = sourcecode.c.h; path = BSViewController.h; sourceTree = "<group>"; };
		0980F5B31FC1163800714528 /* BSRefreshHeader.h */ = {isa = PBXFileReference; fileEncoding = 4; lastKnownFileType = sourcecode.c.h; path = BSRefreshHeader.h; sourceTree = "<group>"; };
		0980F5B41FC1163800714528 /* BSPageControl.m */ = {isa = PBXFileReference; fileEncoding = 4; lastKnownFileType = sourcecode.c.objc; path = BSPageControl.m; sourceTree = "<group>"; };
		0980F5B51FC1163800714528 /* BSRefreshFooter.h */ = {isa = PBXFileReference; fileEncoding = 4; lastKnownFileType = sourcecode.c.h; path = BSRefreshFooter.h; sourceTree = "<group>"; };
		0980F5B61FC1163800714528 /* LSTitleContentTableViewCell.h */ = {isa = PBXFileReference; fileEncoding = 4; lastKnownFileType = sourcecode.c.h; path = LSTitleContentTableViewCell.h; sourceTree = "<group>"; };
		0980F5B71FC1163800714528 /* BSTableViewCell.m */ = {isa = PBXFileReference; fileEncoding = 4; lastKnownFileType = sourcecode.c.objc; path = BSTableViewCell.m; sourceTree = "<group>"; };
		0980F5B81FC1163800714528 /* BSTitleInputTableViewCell.h */ = {isa = PBXFileReference; fileEncoding = 4; lastKnownFileType = sourcecode.c.h; path = BSTitleInputTableViewCell.h; sourceTree = "<group>"; };
		0980F5B91FC1163800714528 /* BSButton.m */ = {isa = PBXFileReference; fileEncoding = 4; lastKnownFileType = sourcecode.c.objc; path = BSButton.m; sourceTree = "<group>"; };
		0980F5BA1FC1163800714528 /* BSTextView.m */ = {isa = PBXFileReference; fileEncoding = 4; lastKnownFileType = sourcecode.c.objc; path = BSTextView.m; sourceTree = "<group>"; };
		0980F5BB1FC1163800714528 /* BSRefreshFooter.m */ = {isa = PBXFileReference; fileEncoding = 4; lastKnownFileType = sourcecode.c.objc; path = BSRefreshFooter.m; sourceTree = "<group>"; };
		0980F5BC1FC1163800714528 /* BSPageControl.h */ = {isa = PBXFileReference; fileEncoding = 4; lastKnownFileType = sourcecode.c.h; path = BSPageControl.h; sourceTree = "<group>"; };
		0980F5BD1FC1163800714528 /* BSRefreshHeader.m */ = {isa = PBXFileReference; fileEncoding = 4; lastKnownFileType = sourcecode.c.objc; path = BSRefreshHeader.m; sourceTree = "<group>"; };
		0980F5BE1FC1163800714528 /* BSTitleInputTableViewCell.m */ = {isa = PBXFileReference; fileEncoding = 4; lastKnownFileType = sourcecode.c.objc; path = BSTitleInputTableViewCell.m; sourceTree = "<group>"; };
		0980F5BF1FC1163800714528 /* BSTableViewCell.h */ = {isa = PBXFileReference; fileEncoding = 4; lastKnownFileType = sourcecode.c.h; path = BSTableViewCell.h; sourceTree = "<group>"; };
		0980F5C01FC1163800714528 /* LSTitleContentTableViewCell.m */ = {isa = PBXFileReference; fileEncoding = 4; lastKnownFileType = sourcecode.c.objc; path = LSTitleContentTableViewCell.m; sourceTree = "<group>"; };
		0980F5C11FC1163800714528 /* LSTitleContentTableViewCell.xib */ = {isa = PBXFileReference; fileEncoding = 4; lastKnownFileType = file.xib; path = LSTitleContentTableViewCell.xib; sourceTree = "<group>"; };
		0980F5C21FC1163800714528 /* BSTextView.h */ = {isa = PBXFileReference; fileEncoding = 4; lastKnownFileType = sourcecode.c.h; path = BSTextView.h; sourceTree = "<group>"; };
		0980F5C31FC1163800714528 /* BSButton.h */ = {isa = PBXFileReference; fileEncoding = 4; lastKnownFileType = sourcecode.c.h; path = BSButton.h; sourceTree = "<group>"; };
		0980F5C51FC1163800714528 /* BSTabBarController.h */ = {isa = PBXFileReference; fileEncoding = 4; lastKnownFileType = sourcecode.c.h; path = BSTabBarController.h; sourceTree = "<group>"; };
		0980F5D21FC121C300714528 /* HeaderView.h */ = {isa = PBXFileReference; lastKnownFileType = sourcecode.c.h; path = HeaderView.h; sourceTree = "<group>"; };
		0980F5D31FC121C300714528 /* HeaderView.m */ = {isa = PBXFileReference; lastKnownFileType = sourcecode.c.objc; path = HeaderView.m; sourceTree = "<group>"; };
		0980F5D51FC121D500714528 /* HeaderView.xib */ = {isa = PBXFileReference; lastKnownFileType = file.xib; path = HeaderView.xib; sourceTree = "<group>"; };
		0980F5D71FC1243400714528 /* XXNibBridge.h */ = {isa = PBXFileReference; fileEncoding = 4; lastKnownFileType = sourcecode.c.h; path = XXNibBridge.h; sourceTree = "<group>"; };
		0980F5D81FC1243400714528 /* XXNibBridge.m */ = {isa = PBXFileReference; fileEncoding = 4; lastKnownFileType = sourcecode.c.objc; path = XXNibBridge.m; sourceTree = "<group>"; };
		0C1647D21FC00EA100BC4B4D /* HomeDetailsViewController.h */ = {isa = PBXFileReference; lastKnownFileType = sourcecode.c.h; path = HomeDetailsViewController.h; sourceTree = "<group>"; };
		0C1647D31FC00EA100BC4B4D /* HomeDetailsViewController.m */ = {isa = PBXFileReference; lastKnownFileType = sourcecode.c.objc; path = HomeDetailsViewController.m; sourceTree = "<group>"; };
		0C1647D41FC00EA100BC4B4D /* HomeDetailsViewController.xib */ = {isa = PBXFileReference; lastKnownFileType = file.xib; path = HomeDetailsViewController.xib; sourceTree = "<group>"; };
		0C1647DD1FC00FD400BC4B4D /* HomeDetailsTableViewCell.h */ = {isa = PBXFileReference; lastKnownFileType = sourcecode.c.h; path = HomeDetailsTableViewCell.h; sourceTree = "<group>"; };
		0C1647DE1FC00FD400BC4B4D /* HomeDetailsTableViewCell.m */ = {isa = PBXFileReference; lastKnownFileType = sourcecode.c.objc; path = HomeDetailsTableViewCell.m; sourceTree = "<group>"; };
		0C1647DF1FC00FD400BC4B4D /* HomeDetailsTableViewCell.xib */ = {isa = PBXFileReference; lastKnownFileType = file.xib; path = HomeDetailsTableViewCell.xib; sourceTree = "<group>"; };
		0C1647E21FC037F800BC4B4D /* homeData.plist */ = {isa = PBXFileReference; lastKnownFileType = text.plist.xml; path = homeData.plist; sourceTree = "<group>"; };
		0C1647E41FC043F600BC4B4D /* HomeModel.h */ = {isa = PBXFileReference; lastKnownFileType = sourcecode.c.h; path = HomeModel.h; sourceTree = "<group>"; };
		0C1647E51FC043F600BC4B4D /* HomeModel.m */ = {isa = PBXFileReference; lastKnownFileType = sourcecode.c.objc; path = HomeModel.m; sourceTree = "<group>"; };
		0C9B31661FC14F4F00ED7851 /* HomeDetailsModel.h */ = {isa = PBXFileReference; lastKnownFileType = sourcecode.c.h; path = HomeDetailsModel.h; sourceTree = "<group>"; };
		0C9B31671FC14F4F00ED7851 /* HomeDetailsModel.m */ = {isa = PBXFileReference; lastKnownFileType = sourcecode.c.objc; path = HomeDetailsModel.m; sourceTree = "<group>"; };
		0C9B316E1FC1684400ED7851 /* HomeDetailsTwoTableViewCell.h */ = {isa = PBXFileReference; lastKnownFileType = sourcecode.c.h; path = HomeDetailsTwoTableViewCell.h; sourceTree = "<group>"; };
		0C9B316F1FC1684400ED7851 /* HomeDetailsTwoTableViewCell.m */ = {isa = PBXFileReference; lastKnownFileType = sourcecode.c.objc; path = HomeDetailsTwoTableViewCell.m; sourceTree = "<group>"; };
		0C9B31701FC1684400ED7851 /* HomeDetailsTwoTableViewCell.xib */ = {isa = PBXFileReference; lastKnownFileType = file.xib; path = HomeDetailsTwoTableViewCell.xib; sourceTree = "<group>"; };
		0CA438B81FBFD4A700AFACB0 /* HomeCollectionViewCell.h */ = {isa = PBXFileReference; lastKnownFileType = sourcecode.c.h; path = HomeCollectionViewCell.h; sourceTree = "<group>"; };
		0CA438B91FBFD4A700AFACB0 /* HomeCollectionViewCell.m */ = {isa = PBXFileReference; lastKnownFileType = sourcecode.c.objc; path = HomeCollectionViewCell.m; sourceTree = "<group>"; };
		0CA438BA1FBFD4A700AFACB0 /* HomeCollectionViewCell.xib */ = {isa = PBXFileReference; lastKnownFileType = file.xib; path = HomeCollectionViewCell.xib; sourceTree = "<group>"; };
		0CA438C21FBFDAA800AFACB0 /* HomeViewController.h */ = {isa = PBXFileReference; lastKnownFileType = sourcecode.c.h; path = HomeViewController.h; sourceTree = "<group>"; };
		0CA438C31FBFDAA800AFACB0 /* HomeViewController.m */ = {isa = PBXFileReference; lastKnownFileType = sourcecode.c.objc; path = HomeViewController.m; sourceTree = "<group>"; };
		0CA438C41FBFDAA800AFACB0 /* HomeViewController.xib */ = {isa = PBXFileReference; lastKnownFileType = file.xib; path = HomeViewController.xib; sourceTree = "<group>"; };
		2428DF2C1FC265DC000B3408 /* TypeView.h */ = {isa = PBXFileReference; lastKnownFileType = sourcecode.c.h; path = TypeView.h; sourceTree = "<group>"; };
		2428DF2D1FC265DC000B3408 /* TypeView.m */ = {isa = PBXFileReference; lastKnownFileType = sourcecode.c.objc; path = TypeView.m; sourceTree = "<group>"; };
		2428DF2F1FC265E7000B3408 /* TypeView.xib */ = {isa = PBXFileReference; lastKnownFileType = file.xib; path = TypeView.xib; sourceTree = "<group>"; };
		2428DF321FC26AFB000B3408 /* BaseService.h */ = {isa = PBXFileReference; fileEncoding = 4; lastKnownFileType = sourcecode.c.h; path = BaseService.h; sourceTree = "<group>"; };
		2428DF331FC26AFB000B3408 /* BaseService.m */ = {isa = PBXFileReference; fileEncoding = 4; lastKnownFileType = sourcecode.c.objc; path = BaseService.m; sourceTree = "<group>"; };
		2428DF341FC26AFB000B3408 /* BSError.h */ = {isa = PBXFileReference; fileEncoding = 4; lastKnownFileType = sourcecode.c.h; path = BSError.h; sourceTree = "<group>"; };
		2428DF351FC26AFB000B3408 /* BSError.m */ = {isa = PBXFileReference; fileEncoding = 4; lastKnownFileType = sourcecode.c.objc; path = BSError.m; sourceTree = "<group>"; };
		2428DF361FC26AFB000B3408 /* BSHttpService.h */ = {isa = PBXFileReference; fileEncoding = 4; lastKnownFileType = sourcecode.c.h; path = BSHttpService.h; sourceTree = "<group>"; };
		2428DF371FC26AFB000B3408 /* BSHttpService.m */ = {isa = PBXFileReference; fileEncoding = 4; lastKnownFileType = sourcecode.c.objc; path = BSHttpService.m; sourceTree = "<group>"; };
		2428DF381FC26AFB000B3408 /* BSUrl.h */ = {isa = PBXFileReference; fileEncoding = 4; lastKnownFileType = sourcecode.c.h; path = BSUrl.h; sourceTree = "<group>"; };
		2428DF391FC26AFB000B3408 /* BSUrl.m */ = {isa = PBXFileReference; fileEncoding = 4; lastKnownFileType = sourcecode.c.objc; path = BSUrl.m; sourceTree = "<group>"; };
		2428DF3A1FC26AFB000B3408 /* LPRequest.h */ = {isa = PBXFileReference; fileEncoding = 4; lastKnownFileType = sourcecode.c.h; path = LPRequest.h; sourceTree = "<group>"; };
		2428DF3B1FC26AFB000B3408 /* LPRequest.m */ = {isa = PBXFileReference; fileEncoding = 4; lastKnownFileType = sourcecode.c.objc; path = LPRequest.m; sourceTree = "<group>"; };
		2428DF3C1FC26AFB000B3408 /* ServicesDefine.h */ = {isa = PBXFileReference; fileEncoding = 4; lastKnownFileType = sourcecode.c.h; path = ServicesDefine.h; sourceTree = "<group>"; };
		2428DF981FC26CBB000B3408 /* LPSystemManager.h */ = {isa = PBXFileReference; fileEncoding = 4; lastKnownFileType = sourcecode.c.h; path = LPSystemManager.h; sourceTree = "<group>"; };
		2428DF991FC26CBB000B3408 /* LPSystemManager.m */ = {isa = PBXFileReference; fileEncoding = 4; lastKnownFileType = sourcecode.c.objc; path = LPSystemManager.m; sourceTree = "<group>"; };
		2428DF9C1FC26CBB000B3408 /* NSArray+WSArray.h */ = {isa = PBXFileReference; fileEncoding = 4; lastKnownFileType = sourcecode.c.h; path = "NSArray+WSArray.h"; sourceTree = "<group>"; };
		2428DF9D1FC26CBB000B3408 /* NSArray+WSArray.m */ = {isa = PBXFileReference; fileEncoding = 4; lastKnownFileType = sourcecode.c.objc; path = "NSArray+WSArray.m"; sourceTree = "<group>"; };
		2428DF9E1FC26CBB000B3408 /* NSDate+Ext.h */ = {isa = PBXFileReference; fileEncoding = 4; lastKnownFileType = sourcecode.c.h; path = "NSDate+Ext.h"; sourceTree = "<group>"; };
		2428DF9F1FC26CBB000B3408 /* NSDate+Ext.m */ = {isa = PBXFileReference; fileEncoding = 4; lastKnownFileType = sourcecode.c.objc; path = "NSDate+Ext.m"; sourceTree = "<group>"; };
		2428DFA01FC26CBB000B3408 /* NSDateFormatter+Ext.h */ = {isa = PBXFileReference; fileEncoding = 4; lastKnownFileType = sourcecode.c.h; path = "NSDateFormatter+Ext.h"; sourceTree = "<group>"; };
		2428DFA11FC26CBB000B3408 /* NSDateFormatter+Ext.m */ = {isa = PBXFileReference; fileEncoding = 4; lastKnownFileType = sourcecode.c.objc; path = "NSDateFormatter+Ext.m"; sourceTree = "<group>"; };
		2428DFA21FC26CBB000B3408 /* NSDictionary+NullReplacement.h */ = {isa = PBXFileReference; fileEncoding = 4; lastKnownFileType = sourcecode.c.h; path = "NSDictionary+NullReplacement.h"; sourceTree = "<group>"; };
		2428DFA31FC26CBB000B3408 /* NSDictionary+NullReplacement.m */ = {isa = PBXFileReference; fileEncoding = 4; lastKnownFileType = sourcecode.c.objc; path = "NSDictionary+NullReplacement.m"; sourceTree = "<group>"; };
		2428DFA41FC26CBB000B3408 /* NSMutableArray+WSMutableArray.h */ = {isa = PBXFileReference; fileEncoding = 4; lastKnownFileType = sourcecode.c.h; path = "NSMutableArray+WSMutableArray.h"; sourceTree = "<group>"; };
		2428DFA51FC26CBB000B3408 /* NSMutableArray+WSMutableArray.m */ = {isa = PBXFileReference; fileEncoding = 4; lastKnownFileType = sourcecode.c.objc; path = "NSMutableArray+WSMutableArray.m"; sourceTree = "<group>"; };
		2428DFA61FC26CBB000B3408 /* NSString+Ext.h */ = {isa = PBXFileReference; fileEncoding = 4; lastKnownFileType = sourcecode.c.h; path = "NSString+Ext.h"; sourceTree = "<group>"; };
		2428DFA71FC26CBB000B3408 /* NSString+Ext.m */ = {isa = PBXFileReference; fileEncoding = 4; lastKnownFileType = sourcecode.c.objc; path = "NSString+Ext.m"; sourceTree = "<group>"; };
		2428DFA81FC26CBB000B3408 /* NSString+WSString.h */ = {isa = PBXFileReference; fileEncoding = 4; lastKnownFileType = sourcecode.c.h; path = "NSString+WSString.h"; sourceTree = "<group>"; };
		2428DFA91FC26CBB000B3408 /* NSString+WSString.m */ = {isa = PBXFileReference; fileEncoding = 4; lastKnownFileType = sourcecode.c.objc; path = "NSString+WSString.m"; sourceTree = "<group>"; };
		2428DFAA1FC26CBB000B3408 /* ThemeColorXIBSupports.h */ = {isa = PBXFileReference; fileEncoding = 4; lastKnownFileType = sourcecode.c.h; path = ThemeColorXIBSupports.h; sourceTree = "<group>"; };
		2428DFAB1FC26CBB000B3408 /* ThemeColorXIBSupports.m */ = {isa = PBXFileReference; fileEncoding = 4; lastKnownFileType = sourcecode.c.objc; path = ThemeColorXIBSupports.m; sourceTree = "<group>"; };
		2428DFAC1FC26CBB000B3408 /* UIColor+Ext.h */ = {isa = PBXFileReference; fileEncoding = 4; lastKnownFileType = sourcecode.c.h; path = "UIColor+Ext.h"; sourceTree = "<group>"; };
		2428DFAD1FC26CBB000B3408 /* UIColor+Ext.m */ = {isa = PBXFileReference; fileEncoding = 4; lastKnownFileType = sourcecode.c.objc; path = "UIColor+Ext.m"; sourceTree = "<group>"; };
		2428DFAE1FC26CBB000B3408 /* UIDevice+Ext.h */ = {isa = PBXFileReference; fileEncoding = 4; lastKnownFileType = sourcecode.c.h; path = "UIDevice+Ext.h"; sourceTree = "<group>"; };
		2428DFAF1FC26CBB000B3408 /* UIDevice+Ext.m */ = {isa = PBXFileReference; fileEncoding = 4; lastKnownFileType = sourcecode.c.objc; path = "UIDevice+Ext.m"; sourceTree = "<group>"; };
		2428DFB01FC26CBB000B3408 /* UIImage+Ext.h */ = {isa = PBXFileReference; fileEncoding = 4; lastKnownFileType = sourcecode.c.h; path = "UIImage+Ext.h"; sourceTree = "<group>"; };
		2428DFB11FC26CBB000B3408 /* UIImage+Ext.m */ = {isa = PBXFileReference; fileEncoding = 4; lastKnownFileType = sourcecode.c.objc; path = "UIImage+Ext.m"; sourceTree = "<group>"; };
		2428DFB21FC26CBB000B3408 /* UIImage+Extensions.h */ = {isa = PBXFileReference; fileEncoding = 4; lastKnownFileType = sourcecode.c.h; path = "UIImage+Extensions.h"; sourceTree = "<group>"; };
		2428DFB31FC26CBB000B3408 /* UIImage+Extensions.m */ = {isa = PBXFileReference; fileEncoding = 4; lastKnownFileType = sourcecode.c.objc; path = "UIImage+Extensions.m"; sourceTree = "<group>"; };
		2428DFB41FC26CBB000B3408 /* UILabel+AdaptiveLabel.h */ = {isa = PBXFileReference; fileEncoding = 4; lastKnownFileType = sourcecode.c.h; path = "UILabel+AdaptiveLabel.h"; sourceTree = "<group>"; };
		2428DFB51FC26CBB000B3408 /* UILabel+AdaptiveLabel.m */ = {isa = PBXFileReference; fileEncoding = 4; lastKnownFileType = sourcecode.c.objc; path = "UILabel+AdaptiveLabel.m"; sourceTree = "<group>"; };
		2428DFB61FC26CBB000B3408 /* UINavigationBar+Awesome.h */ = {isa = PBXFileReference; fileEncoding = 4; lastKnownFileType = sourcecode.c.h; path = "UINavigationBar+Awesome.h"; sourceTree = "<group>"; };
		2428DFB71FC26CBB000B3408 /* UINavigationBar+Awesome.m */ = {isa = PBXFileReference; fileEncoding = 4; lastKnownFileType = sourcecode.c.objc; path = "UINavigationBar+Awesome.m"; sourceTree = "<group>"; };
		2428DFB81FC26CBB000B3408 /* UINavigationBar+NavAlpha.h */ = {isa = PBXFileReference; fileEncoding = 4; lastKnownFileType = sourcecode.c.h; path = "UINavigationBar+NavAlpha.h"; sourceTree = "<group>"; };
		2428DFB91FC26CBB000B3408 /* UINavigationBar+NavAlpha.m */ = {isa = PBXFileReference; fileEncoding = 4; lastKnownFileType = sourcecode.c.objc; path = "UINavigationBar+NavAlpha.m"; sourceTree = "<group>"; };
		2428DFBA1FC26CBB000B3408 /* UIView+Frame.h */ = {isa = PBXFileReference; fileEncoding = 4; lastKnownFileType = sourcecode.c.h; path = "UIView+Frame.h"; sourceTree = "<group>"; };
		2428DFBB1FC26CBB000B3408 /* UIView+Frame.m */ = {isa = PBXFileReference; fileEncoding = 4; lastKnownFileType = sourcecode.c.objc; path = "UIView+Frame.m"; sourceTree = "<group>"; };
		2428DFBC1FC26CBB000B3408 /* UIView+Shake.h */ = {isa = PBXFileReference; fileEncoding = 4; lastKnownFileType = sourcecode.c.h; path = "UIView+Shake.h"; sourceTree = "<group>"; };
		2428DFBD1FC26CBB000B3408 /* UIView+Shake.m */ = {isa = PBXFileReference; fileEncoding = 4; lastKnownFileType = sourcecode.c.objc; path = "UIView+Shake.m"; sourceTree = "<group>"; };
		2428DFBE1FC26CBB000B3408 /* UIView+UIViewController.h */ = {isa = PBXFileReference; fileEncoding = 4; lastKnownFileType = sourcecode.c.h; path = "UIView+UIViewController.h"; sourceTree = "<group>"; };
		2428DFBF1FC26CBB000B3408 /* UIView+UIViewController.m */ = {isa = PBXFileReference; fileEncoding = 4; lastKnownFileType = sourcecode.c.objc; path = "UIView+UIViewController.m"; sourceTree = "<group>"; };
		2428DFC01FC26CBB000B3408 /* CommonUtils.h */ = {isa = PBXFileReference; fileEncoding = 4; lastKnownFileType = sourcecode.c.h; path = CommonUtils.h; sourceTree = "<group>"; };
		2428DFC11FC26CBB000B3408 /* CommonUtils.m */ = {isa = PBXFileReference; fileEncoding = 4; lastKnownFileType = sourcecode.c.objc; path = CommonUtils.m; sourceTree = "<group>"; };
		2428DFC21FC26CBB000B3408 /* ESOpenUDID.h */ = {isa = PBXFileReference; fileEncoding = 4; lastKnownFileType = sourcecode.c.h; path = ESOpenUDID.h; sourceTree = "<group>"; };
		2428DFC31FC26CBB000B3408 /* ESOpenUDID.m */ = {isa = PBXFileReference; fileEncoding = 4; lastKnownFileType = sourcecode.c.objc; path = ESOpenUDID.m; sourceTree = "<group>"; };
		2428DFC51FC26CBB000B3408 /* LPUnitily.h */ = {isa = PBXFileReference; fileEncoding = 4; lastKnownFileType = sourcecode.c.h; path = LPUnitily.h; sourceTree = "<group>"; };
		2428DFC61FC26CBB000B3408 /* LPUnitily.m */ = {isa = PBXFileReference; fileEncoding = 4; lastKnownFileType = sourcecode.c.objc; path = LPUnitily.m; sourceTree = "<group>"; };
		2428DFC71FC26CBB000B3408 /* PrecentCricleView.h */ = {isa = PBXFileReference; fileEncoding = 4; lastKnownFileType = sourcecode.c.h; path = PrecentCricleView.h; sourceTree = "<group>"; };
		2428DFC81FC26CBB000B3408 /* PrecentCricleView.m */ = {isa = PBXFileReference; fileEncoding = 4; lastKnownFileType = sourcecode.c.objc; path = PrecentCricleView.m; sourceTree = "<group>"; };
		2428DFC91FC26CBB000B3408 /* UtilFunc.h */ = {isa = PBXFileReference; fileEncoding = 4; lastKnownFileType = sourcecode.c.h; path = UtilFunc.h; sourceTree = "<group>"; };
		2428DFCA1FC26CBB000B3408 /* UtilFunc.m */ = {isa = PBXFileReference; fileEncoding = 4; lastKnownFileType = sourcecode.c.objc; path = UtilFunc.m; sourceTree = "<group>"; };
		2428DFE31FC26D4A000B3408 /* JSONKit.h */ = {isa = PBXFileReference; fileEncoding = 4; lastKnownFileType = sourcecode.c.h; path = JSONKit.h; sourceTree = "<group>"; };
		2428DFE41FC26D4A000B3408 /* JSONKit.m */ = {isa = PBXFileReference; fileEncoding = 4; lastKnownFileType = sourcecode.c.objc; path = JSONKit.m; sourceTree = "<group>"; };
		2428DFE61FC26F32000B3408 /* LSNetworkService.h */ = {isa = PBXFileReference; fileEncoding = 4; lastKnownFileType = sourcecode.c.h; path = LSNetworkService.h; sourceTree = "<group>"; };
		2428DFE71FC26F32000B3408 /* LSNetworkService.m */ = {isa = PBXFileReference; fileEncoding = 4; lastKnownFileType = sourcecode.c.objc; path = LSNetworkService.m; sourceTree = "<group>"; };
		2428DFE91FC28874000B3408 /* NumberView.h */ = {isa = PBXFileReference; lastKnownFileType = sourcecode.c.h; path = NumberView.h; sourceTree = "<group>"; };
		2428DFEA1FC28874000B3408 /* NumberView.m */ = {isa = PBXFileReference; lastKnownFileType = sourcecode.c.objc; path = NumberView.m; sourceTree = "<group>"; };
		2428DFEC1FC2887F000B3408 /* NumberView.xib */ = {isa = PBXFileReference; lastKnownFileType = file.xib; path = NumberView.xib; sourceTree = "<group>"; };
		2428DFEE1FC2890E000B3408 /* NumberTableViewCell.h */ = {isa = PBXFileReference; lastKnownFileType = sourcecode.c.h; path = NumberTableViewCell.h; sourceTree = "<group>"; };
		2428DFEF1FC2890E000B3408 /* NumberTableViewCell.m */ = {isa = PBXFileReference; lastKnownFileType = sourcecode.c.objc; path = NumberTableViewCell.m; sourceTree = "<group>"; };
		2428DFF01FC2890E000B3408 /* NumberTableViewCell.xib */ = {isa = PBXFileReference; lastKnownFileType = file.xib; path = NumberTableViewCell.xib; sourceTree = "<group>"; };
		2428DFF31FC28BA5000B3408 /* ChartViewModel.h */ = {isa = PBXFileReference; lastKnownFileType = sourcecode.c.h; name = ChartViewModel.h; path = bjsc/Class/Chart/View/ChartViewModel.h; sourceTree = SOURCE_ROOT; };
		2428DFF41FC28BA5000B3408 /* ChartViewModel.m */ = {isa = PBXFileReference; lastKnownFileType = sourcecode.c.objc; name = ChartViewModel.m; path = bjsc/Class/Chart/View/ChartViewModel.m; sourceTree = SOURCE_ROOT; };
		2428DFF61FC2C3AB000B3408 /* bjsc.entitlements */ = {isa = PBXFileReference; lastKnownFileType = text.plist.entitlements; path = bjsc.entitlements; sourceTree = "<group>"; };
		2428DFF71FC2C570000B3408 /* ViewController.m */ = {isa = PBXFileReference; fileEncoding = 4; lastKnownFileType = sourcecode.c.objc; path = ViewController.m; sourceTree = "<group>"; };
		2428DFF81FC2C570000B3408 /* ViewController.h */ = {isa = PBXFileReference; fileEncoding = 4; lastKnownFileType = sourcecode.c.h; path = ViewController.h; sourceTree = "<group>"; };
		2428DFFA1FC2DF43000B3408 /* WebViewController.h */ = {isa = PBXFileReference; lastKnownFileType = sourcecode.c.h; path = WebViewController.h; sourceTree = "<group>"; };
		2428DFFB1FC2DF43000B3408 /* WebViewController.m */ = {isa = PBXFileReference; lastKnownFileType = sourcecode.c.objc; path = WebViewController.m; sourceTree = "<group>"; };
		243EFCA21FBD30E300DB995A /* bjsc.app */ = {isa = PBXFileReference; explicitFileType = wrapper.application; includeInIndex = 0; path = bjsc.app; sourceTree = BUILT_PRODUCTS_DIR; };
		243EFCA51FBD30E300DB995A /* AppDelegate.h */ = {isa = PBXFileReference; lastKnownFileType = sourcecode.c.h; path = AppDelegate.h; sourceTree = "<group>"; };
		243EFCA61FBD30E300DB995A /* AppDelegate.m */ = {isa = PBXFileReference; lastKnownFileType = sourcecode.c.objc; path = AppDelegate.m; sourceTree = "<group>"; };
		243EFCAC1FBD30E300DB995A /* Base */ = {isa = PBXFileReference; lastKnownFileType = file.storyboard; name = Base; path = Base.lproj/Main.storyboard; sourceTree = "<group>"; };
		243EFCAE1FBD30E300DB995A /* Assets.xcassets */ = {isa = PBXFileReference; lastKnownFileType = folder.assetcatalog; path = Assets.xcassets; sourceTree = "<group>"; };
		243EFCB11FBD30E300DB995A /* Base */ = {isa = PBXFileReference; lastKnownFileType = file.storyboard; name = Base; path = Base.lproj/LaunchScreen.storyboard; sourceTree = "<group>"; };
		243EFCB31FBD30E300DB995A /* Info.plist */ = {isa = PBXFileReference; lastKnownFileType = text.plist.xml; path = Info.plist; sourceTree = "<group>"; };
		243EFCB41FBD30E300DB995A /* main.m */ = {isa = PBXFileReference; lastKnownFileType = sourcecode.c.objc; path = main.m; sourceTree = "<group>"; };
		24B3FC361FBD3BBE007E7237 /* PrefixHeader.pch */ = {isa = PBXFileReference; lastKnownFileType = sourcecode.c.h; path = PrefixHeader.pch; sourceTree = "<group>"; };
		24B3FC371FBD3DC0007E7237 /* AppDefine.h */ = {isa = PBXFileReference; fileEncoding = 4; lastKnownFileType = sourcecode.c.h; path = AppDefine.h; sourceTree = "<group>"; };
		24B3FC3A1FBD3DC1007E7237 /* AppColorDefine.h */ = {isa = PBXFileReference; fileEncoding = 4; lastKnownFileType = sourcecode.c.h; path = AppColorDefine.h; sourceTree = "<group>"; };
		74480258CC4FA6F4361B2FBD /* libPods-bjsc.a */ = {isa = PBXFileReference; explicitFileType = archive.ar; includeInIndex = 0; path = "libPods-bjsc.a"; sourceTree = BUILT_PRODUCTS_DIR; };
		8D9C5C95C42AF6EF96A7307F /* Pods-bjsc.release.xcconfig */ = {isa = PBXFileReference; includeInIndex = 1; lastKnownFileType = text.xcconfig; name = "Pods-bjsc.release.xcconfig"; path = "Pods/Target Support Files/Pods-bjsc/Pods-bjsc.release.xcconfig"; sourceTree = "<group>"; };
		A3DB7F81FCB3E68AAFBBBF15 /* Pods-bjsc.debug.xcconfig */ = {isa = PBXFileReference; includeInIndex = 1; lastKnownFileType = text.xcconfig; name = "Pods-bjsc.debug.xcconfig"; path = "Pods/Target Support Files/Pods-bjsc/Pods-bjsc.debug.xcconfig"; sourceTree = "<group>"; };
/* End PBXFileReference section */

/* Begin PBXFrameworksBuildPhase section */
		243EFC9F1FBD30E300DB995A /* Frameworks */ = {
			isa = PBXFrameworksBuildPhase;
			buildActionMask = 2147483647;
			files = (
				156BFAA4A1AB9BEB85A6461B /* libPods-bjsc.a in Frameworks */,
			);
			runOnlyForDeploymentPostprocessing = 0;
		};
/* End PBXFrameworksBuildPhase section */

/* Begin PBXGroup section */
		0980F5A41FC1145200714528 /* Chart */ = {
			isa = PBXGroup;
			children = (
				0980F5A71FC1147200714528 /* View */,
				0980F5A61FC1146900714528 /* Model */,
				0980F5A51FC1145800714528 /* ViewController */,
			);
			path = Chart;
			sourceTree = "<group>";
		};
		0980F5A51FC1145800714528 /* ViewController */ = {
			isa = PBXGroup;
			children = (
				0980F5A81FC114BE00714528 /* ChartViewController.h */,
				0980F5A91FC114BE00714528 /* ChartViewController.m */,
				0980F5AA1FC114BE00714528 /* ChartViewController.xib */,
			);
			path = ViewController;
			sourceTree = "<group>";
		};
		0980F5A61FC1146900714528 /* Model */ = {
			isa = PBXGroup;
			children = (
				2428DFF31FC28BA5000B3408 /* ChartViewModel.h */,
				2428DFF41FC28BA5000B3408 /* ChartViewModel.m */,
			);
			path = Model;
			sourceTree = "<group>";
		};
		0980F5A71FC1147200714528 /* View */ = {
			isa = PBXGroup;
			children = (
				0980F5D21FC121C300714528 /* HeaderView.h */,
				0980F5D31FC121C300714528 /* HeaderView.m */,
				0980F5D51FC121D500714528 /* HeaderView.xib */,
				2428DF2C1FC265DC000B3408 /* TypeView.h */,
				2428DF2D1FC265DC000B3408 /* TypeView.m */,
				2428DF2F1FC265E7000B3408 /* TypeView.xib */,
				2428DFE91FC28874000B3408 /* NumberView.h */,
				2428DFEA1FC28874000B3408 /* NumberView.m */,
				2428DFEC1FC2887F000B3408 /* NumberView.xib */,
				2428DFEE1FC2890E000B3408 /* NumberTableViewCell.h */,
				2428DFEF1FC2890E000B3408 /* NumberTableViewCell.m */,
				2428DFF01FC2890E000B3408 /* NumberTableViewCell.xib */,
			);
			path = View;
			sourceTree = "<group>";
		};
		0980F5AD1FC1163800714528 /* Base */ = {
			isa = PBXGroup;
			children = (
				0980F5B11FC1163800714528 /* BSViewController.h */,
				0980F5AE1FC1163800714528 /* BSViewController.m */,
				0980F5C51FC1163800714528 /* BSTabBarController.h */,
				0980F5AF1FC1163800714528 /* BSTabBarController.m */,
				2428DFFA1FC2DF43000B3408 /* WebViewController.h */,
				2428DFFB1FC2DF43000B3408 /* WebViewController.m */,
				0980F5B21FC1163800714528 /* View */,
			);
			path = Base;
			sourceTree = "<group>";
		};
		0980F5B21FC1163800714528 /* View */ = {
			isa = PBXGroup;
			children = (
				0980F5B31FC1163800714528 /* BSRefreshHeader.h */,
				0980F5B41FC1163800714528 /* BSPageControl.m */,
				0980F5B51FC1163800714528 /* BSRefreshFooter.h */,
				0980F5B61FC1163800714528 /* LSTitleContentTableViewCell.h */,
				0980F5B71FC1163800714528 /* BSTableViewCell.m */,
				0980F5B81FC1163800714528 /* BSTitleInputTableViewCell.h */,
				0980F5B91FC1163800714528 /* BSButton.m */,
				0980F5BA1FC1163800714528 /* BSTextView.m */,
				0980F5BB1FC1163800714528 /* BSRefreshFooter.m */,
				0980F5BC1FC1163800714528 /* BSPageControl.h */,
				0980F5BD1FC1163800714528 /* BSRefreshHeader.m */,
				0980F5BE1FC1163800714528 /* BSTitleInputTableViewCell.m */,
				0980F5BF1FC1163800714528 /* BSTableViewCell.h */,
				0980F5C01FC1163800714528 /* LSTitleContentTableViewCell.m */,
				0980F5C11FC1163800714528 /* LSTitleContentTableViewCell.xib */,
				0980F5C21FC1163800714528 /* BSTextView.h */,
				0980F5C31FC1163800714528 /* BSButton.h */,
			);
			path = View;
			sourceTree = "<group>";
		};
		0C1647D11FC00E2200BC4B4D /* HomeDetails */ = {
			isa = PBXGroup;
			children = (
				0C1647D21FC00EA100BC4B4D /* HomeDetailsViewController.h */,
				0C1647D31FC00EA100BC4B4D /* HomeDetailsViewController.m */,
				0C1647D41FC00EA100BC4B4D /* HomeDetailsViewController.xib */,
			);
			path = HomeDetails;
			sourceTree = "<group>";
		};
		0C1647D71FC00F6900BC4B4D /* HomeDetails */ = {
			isa = PBXGroup;
			children = (
				0C1647DD1FC00FD400BC4B4D /* HomeDetailsTableViewCell.h */,
				0C1647DE1FC00FD400BC4B4D /* HomeDetailsTableViewCell.m */,
				0C1647DF1FC00FD400BC4B4D /* HomeDetailsTableViewCell.xib */,
				0C9B316E1FC1684400ED7851 /* HomeDetailsTwoTableViewCell.h */,
				0C9B316F1FC1684400ED7851 /* HomeDetailsTwoTableViewCell.m */,
				0C9B31701FC1684400ED7851 /* HomeDetailsTwoTableViewCell.xib */,
			);
			path = HomeDetails;
			sourceTree = "<group>";
		};
		0CA438AA1FBFD1C900AFACB0 /* Class */ = {
			isa = PBXGroup;
			children = (
				0CA438AB1FBFD1C900AFACB0 /* Home */,
				0980F5A41FC1145200714528 /* Chart */,
				0CA438AF1FBFD1C900AFACB0 /* Other */,
			);
			path = Class;
			sourceTree = "<group>";
		};
		0CA438AB1FBFD1C900AFACB0 /* Home */ = {
			isa = PBXGroup;
			children = (
				0CA438AC1FBFD1C900AFACB0 /* Controller */,
				0CA438AD1FBFD1C900AFACB0 /* Model */,
				0CA438AE1FBFD1C900AFACB0 /* View */,
			);
			path = Home;
			sourceTree = "<group>";
		};
		0CA438AC1FBFD1C900AFACB0 /* Controller */ = {
			isa = PBXGroup;
			children = (
				0C1647D11FC00E2200BC4B4D /* HomeDetails */,
				0CA438B61FBFD2B400AFACB0 /* Home */,
			);
			path = Controller;
			sourceTree = "<group>";
		};
		0CA438AD1FBFD1C900AFACB0 /* Model */ = {
			isa = PBXGroup;
			children = (
				0C1647E41FC043F600BC4B4D /* HomeModel.h */,
				0C1647E51FC043F600BC4B4D /* HomeModel.m */,
				0C9B31661FC14F4F00ED7851 /* HomeDetailsModel.h */,
				0C9B31671FC14F4F00ED7851 /* HomeDetailsModel.m */,
			);
			path = Model;
			sourceTree = "<group>";
		};
		0CA438AE1FBFD1C900AFACB0 /* View */ = {
			isa = PBXGroup;
			children = (
				0C1647D71FC00F6900BC4B4D /* HomeDetails */,
				0CA438B71FBFD45E00AFACB0 /* Home */,
			);
			path = View;
			sourceTree = "<group>";
		};
		0CA438AF1FBFD1C900AFACB0 /* Other */ = {
			isa = PBXGroup;
			children = (
				0980F5D71FC1243400714528 /* XXNibBridge.h */,
				0980F5D81FC1243400714528 /* XXNibBridge.m */,
				0C1647E21FC037F800BC4B4D /* homeData.plist */,
			);
			path = Other;
			sourceTree = "<group>";
		};
		0CA438B61FBFD2B400AFACB0 /* Home */ = {
			isa = PBXGroup;
			children = (
				0CA438C21FBFDAA800AFACB0 /* HomeViewController.h */,
				0CA438C31FBFDAA800AFACB0 /* HomeViewController.m */,
				0CA438C41FBFDAA800AFACB0 /* HomeViewController.xib */,
			);
			path = Home;
			sourceTree = "<group>";
		};
		0CA438B71FBFD45E00AFACB0 /* Home */ = {
			isa = PBXGroup;
			children = (
				0CA438B81FBFD4A700AFACB0 /* HomeCollectionViewCell.h */,
				0CA438B91FBFD4A700AFACB0 /* HomeCollectionViewCell.m */,
				0CA438BA1FBFD4A700AFACB0 /* HomeCollectionViewCell.xib */,
			);
			path = Home;
			sourceTree = "<group>";
		};
		2428DF311FC26AFB000B3408 /* BaseService */ = {
			isa = PBXGroup;
			children = (
				2428DF321FC26AFB000B3408 /* BaseService.h */,
				2428DF331FC26AFB000B3408 /* BaseService.m */,
				2428DF341FC26AFB000B3408 /* BSError.h */,
				2428DF351FC26AFB000B3408 /* BSError.m */,
				2428DF361FC26AFB000B3408 /* BSHttpService.h */,
				2428DF371FC26AFB000B3408 /* BSHttpService.m */,
				2428DF381FC26AFB000B3408 /* BSUrl.h */,
				2428DF391FC26AFB000B3408 /* BSUrl.m */,
				2428DF3A1FC26AFB000B3408 /* LPRequest.h */,
				2428DF3B1FC26AFB000B3408 /* LPRequest.m */,
				2428DF3C1FC26AFB000B3408 /* ServicesDefine.h */,
				2428DFE61FC26F32000B3408 /* LSNetworkService.h */,
				2428DFE71FC26F32000B3408 /* LSNetworkService.m */,
			);
			path = BaseService;
			sourceTree = "<group>";
		};
		2428DF971FC26CBB000B3408 /* SystemManager */ = {
			isa = PBXGroup;
			children = (
				2428DF981FC26CBB000B3408 /* LPSystemManager.h */,
				2428DF991FC26CBB000B3408 /* LPSystemManager.m */,
			);
			path = SystemManager;
			sourceTree = "<group>";
		};
		2428DF9A1FC26CBB000B3408 /* Util */ = {
			isa = PBXGroup;
			children = (
				2428DF9B1FC26CBB000B3408 /* Category */,
				2428DFC01FC26CBB000B3408 /* CommonUtils.h */,
				2428DFC11FC26CBB000B3408 /* CommonUtils.m */,
				2428DFC21FC26CBB000B3408 /* ESOpenUDID.h */,
				2428DFC31FC26CBB000B3408 /* ESOpenUDID.m */,
				2428DFC41FC26CBB000B3408 /* HJCAdjustNumButton */,
				2428DFC51FC26CBB000B3408 /* LPUnitily.h */,
				2428DFC61FC26CBB000B3408 /* LPUnitily.m */,
				2428DFC71FC26CBB000B3408 /* PrecentCricleView.h */,
				2428DFC81FC26CBB000B3408 /* PrecentCricleView.m */,
				2428DFC91FC26CBB000B3408 /* UtilFunc.h */,
				2428DFCA1FC26CBB000B3408 /* UtilFunc.m */,
			);
			path = Util;
			sourceTree = "<group>";
		};
		2428DF9B1FC26CBB000B3408 /* Category */ = {
			isa = PBXGroup;
			children = (
				2428DF9C1FC26CBB000B3408 /* NSArray+WSArray.h */,
				2428DF9D1FC26CBB000B3408 /* NSArray+WSArray.m */,
				2428DF9E1FC26CBB000B3408 /* NSDate+Ext.h */,
				2428DF9F1FC26CBB000B3408 /* NSDate+Ext.m */,
				2428DFA01FC26CBB000B3408 /* NSDateFormatter+Ext.h */,
				2428DFA11FC26CBB000B3408 /* NSDateFormatter+Ext.m */,
				2428DFA21FC26CBB000B3408 /* NSDictionary+NullReplacement.h */,
				2428DFA31FC26CBB000B3408 /* NSDictionary+NullReplacement.m */,
				2428DFA41FC26CBB000B3408 /* NSMutableArray+WSMutableArray.h */,
				2428DFA51FC26CBB000B3408 /* NSMutableArray+WSMutableArray.m */,
				2428DFA61FC26CBB000B3408 /* NSString+Ext.h */,
				2428DFA71FC26CBB000B3408 /* NSString+Ext.m */,
				2428DFA81FC26CBB000B3408 /* NSString+WSString.h */,
				2428DFA91FC26CBB000B3408 /* NSString+WSString.m */,
				2428DFAA1FC26CBB000B3408 /* ThemeColorXIBSupports.h */,
				2428DFAB1FC26CBB000B3408 /* ThemeColorXIBSupports.m */,
				2428DFAC1FC26CBB000B3408 /* UIColor+Ext.h */,
				2428DFAD1FC26CBB000B3408 /* UIColor+Ext.m */,
				2428DFAE1FC26CBB000B3408 /* UIDevice+Ext.h */,
				2428DFAF1FC26CBB000B3408 /* UIDevice+Ext.m */,
				2428DFB01FC26CBB000B3408 /* UIImage+Ext.h */,
				2428DFB11FC26CBB000B3408 /* UIImage+Ext.m */,
				2428DFB21FC26CBB000B3408 /* UIImage+Extensions.h */,
				2428DFB31FC26CBB000B3408 /* UIImage+Extensions.m */,
				2428DFB41FC26CBB000B3408 /* UILabel+AdaptiveLabel.h */,
				2428DFB51FC26CBB000B3408 /* UILabel+AdaptiveLabel.m */,
				2428DFB61FC26CBB000B3408 /* UINavigationBar+Awesome.h */,
				2428DFB71FC26CBB000B3408 /* UINavigationBar+Awesome.m */,
				2428DFB81FC26CBB000B3408 /* UINavigationBar+NavAlpha.h */,
				2428DFB91FC26CBB000B3408 /* UINavigationBar+NavAlpha.m */,
				2428DFBA1FC26CBB000B3408 /* UIView+Frame.h */,
				2428DFBB1FC26CBB000B3408 /* UIView+Frame.m */,
				2428DFBC1FC26CBB000B3408 /* UIView+Shake.h */,
				2428DFBD1FC26CBB000B3408 /* UIView+Shake.m */,
				2428DFBE1FC26CBB000B3408 /* UIView+UIViewController.h */,
				2428DFBF1FC26CBB000B3408 /* UIView+UIViewController.m */,
			);
			path = Category;
			sourceTree = "<group>";
		};
		2428DFC41FC26CBB000B3408 /* HJCAdjustNumButton */ = {
			isa = PBXGroup;
			children = (
			);
			path = HJCAdjustNumButton;
			sourceTree = "<group>";
		};
		243EFC991FBD30E300DB995A = {
			isa = PBXGroup;
			children = (
				243EFCA41FBD30E300DB995A /* bjsc */,
				243EFCA31FBD30E300DB995A /* Products */,
				6E518B051D1C8C5BC70F2F04 /* Pods */,
				CDD457F74517A0E3552F24BC /* Frameworks */,
			);
			sourceTree = "<group>";
		};
		243EFCA31FBD30E300DB995A /* Products */ = {
			isa = PBXGroup;
			children = (
				243EFCA21FBD30E300DB995A /* bjsc.app */,
			);
			name = Products;
			sourceTree = "<group>";
		};
		243EFCA41FBD30E300DB995A /* bjsc */ = {
			isa = PBXGroup;
			children = (
				2428DFF61FC2C3AB000B3408 /* bjsc.entitlements */,
				0CA438AA1FBFD1C900AFACB0 /* Class */,
				0980F5AD1FC1163800714528 /* Base */,
				2428DF311FC26AFB000B3408 /* BaseService */,
				2428DF971FC26CBB000B3408 /* SystemManager */,
				2428DF9A1FC26CBB000B3408 /* Util */,
				243EFCA51FBD30E300DB995A /* AppDelegate.h */,
				243EFCA61FBD30E300DB995A /* AppDelegate.m */,
				2428DFF81FC2C570000B3408 /* ViewController.h */,
				2428DFF71FC2C570000B3408 /* ViewController.m */,
				24B3FC3A1FBD3DC1007E7237 /* AppColorDefine.h */,
				2428DFE31FC26D4A000B3408 /* JSONKit.h */,
				2428DFE41FC26D4A000B3408 /* JSONKit.m */,
				24B3FC371FBD3DC0007E7237 /* AppDefine.h */,
				243EFCAB1FBD30E300DB995A /* Main.storyboard */,
				243EFCAE1FBD30E300DB995A /* Assets.xcassets */,
				243EFCB01FBD30E300DB995A /* LaunchScreen.storyboard */,
				24B3FC361FBD3BBE007E7237 /* PrefixHeader.pch */,
				243EFCB31FBD30E300DB995A /* Info.plist */,
				243EFCB41FBD30E300DB995A /* main.m */,
			);
			path = bjsc;
			sourceTree = "<group>";
		};
		6E518B051D1C8C5BC70F2F04 /* Pods */ = {
			isa = PBXGroup;
			children = (
				A3DB7F81FCB3E68AAFBBBF15 /* Pods-bjsc.debug.xcconfig */,
				8D9C5C95C42AF6EF96A7307F /* Pods-bjsc.release.xcconfig */,
			);
			name = Pods;
			sourceTree = "<group>";
		};
		CDD457F74517A0E3552F24BC /* Frameworks */ = {
			isa = PBXGroup;
			children = (
				74480258CC4FA6F4361B2FBD /* libPods-bjsc.a */,
			);
			name = Frameworks;
			sourceTree = "<group>";
		};
/* End PBXGroup section */

/* Begin PBXNativeTarget section */
		243EFCA11FBD30E300DB995A /* bjsc */ = {
			isa = PBXNativeTarget;
			buildConfigurationList = 243EFCB81FBD30E300DB995A /* Build configuration list for PBXNativeTarget "bjsc" */;
			buildPhases = (
				FDAB66B96D2DF625A930B8D0 /* [CP] Check Pods Manifest.lock */,
				243EFC9E1FBD30E300DB995A /* Sources */,
				243EFC9F1FBD30E300DB995A /* Frameworks */,
				243EFCA01FBD30E300DB995A /* Resources */,
				11631476FEC04E567F984B3D /* [CP] Embed Pods Frameworks */,
				7C9E255CD22507B9F6B8A574 /* [CP] Copy Pods Resources */,
			);
			buildRules = (
			);
			dependencies = (
			);
			name = bjsc;
			productName = bjsc;
			productReference = 243EFCA21FBD30E300DB995A /* bjsc.app */;
			productType = "com.apple.product-type.application";
		};
/* End PBXNativeTarget section */

/* Begin PBXProject section */
		243EFC9A1FBD30E300DB995A /* Project object */ = {
			isa = PBXProject;
			attributes = {
				LastUpgradeCheck = 0900;
				ORGANIZATIONNAME = "牛牛";
				TargetAttributes = {
					243EFCA11FBD30E300DB995A = {
						CreatedOnToolsVersion = 9.0.1;
						ProvisioningStyle = Manual;
						SystemCapabilities = {
							com.apple.Push = {
								enabled = 1;
							};
						};
					};
				};
			};
			buildConfigurationList = 243EFC9D1FBD30E300DB995A /* Build configuration list for PBXProject "bjsc" */;
			compatibilityVersion = "Xcode 8.0";
			developmentRegion = en;
			hasScannedForEncodings = 0;
			knownRegions = (
				en,
				Base,
			);
			mainGroup = 243EFC991FBD30E300DB995A;
			productRefGroup = 243EFCA31FBD30E300DB995A /* Products */;
			projectDirPath = "";
			projectRoot = "";
			targets = (
				243EFCA11FBD30E300DB995A /* bjsc */,
			);
		};
/* End PBXProject section */

/* Begin PBXResourcesBuildPhase section */
		243EFCA01FBD30E300DB995A /* Resources */ = {
			isa = PBXResourcesBuildPhase;
			buildActionMask = 2147483647;
			files = (
				0C9B31721FC1684400ED7851 /* HomeDetailsTwoTableViewCell.xib in Resources */,
				0C1647D61FC00EA100BC4B4D /* HomeDetailsViewController.xib in Resources */,
				0980F5D11FC1163800714528 /* LSTitleContentTableViewCell.xib in Resources */,
				0CA438BC1FBFD4A700AFACB0 /* HomeCollectionViewCell.xib in Resources */,
				2428DFF21FC2890E000B3408 /* NumberTableViewCell.xib in Resources */,
				0980F5D61FC121D500714528 /* HeaderView.xib in Resources */,
				2428DFED1FC2887F000B3408 /* NumberView.xib in Resources */,
				243EFCB21FBD30E300DB995A /* LaunchScreen.storyboard in Resources */,
				0C1647E31FC037F800BC4B4D /* homeData.plist in Resources */,
				0980F5AC1FC114BE00714528 /* ChartViewController.xib in Resources */,
				2428DF301FC265E7000B3408 /* TypeView.xib in Resources */,
				0C1647E11FC00FD400BC4B4D /* HomeDetailsTableViewCell.xib in Resources */,
				0CA438C61FBFDAA800AFACB0 /* HomeViewController.xib in Resources */,
				243EFCAF1FBD30E300DB995A /* Assets.xcassets in Resources */,
				243EFCAD1FBD30E300DB995A /* Main.storyboard in Resources */,
			);
			runOnlyForDeploymentPostprocessing = 0;
		};
/* End PBXResourcesBuildPhase section */

/* Begin PBXShellScriptBuildPhase section */
		11631476FEC04E567F984B3D /* [CP] Embed Pods Frameworks */ = {
			isa = PBXShellScriptBuildPhase;
			buildActionMask = 2147483647;
			files = (
			);
			inputPaths = (
			);
			name = "[CP] Embed Pods Frameworks";
			outputPaths = (
			);
			runOnlyForDeploymentPostprocessing = 0;
			shellPath = /bin/sh;
			shellScript = "\"${SRCROOT}/Pods/Target Support Files/Pods-bjsc/Pods-bjsc-frameworks.sh\"\n";
			showEnvVarsInLog = 0;
		};
		7C9E255CD22507B9F6B8A574 /* [CP] Copy Pods Resources */ = {
			isa = PBXShellScriptBuildPhase;
			buildActionMask = 2147483647;
			files = (
			);
			inputPaths = (
				"${SRCROOT}/Pods/Target Support Files/Pods-bjsc/Pods-bjsc-resources.sh",
				"${PODS_ROOT}/MJRefresh/MJRefresh/MJRefresh.bundle",
			);
			name = "[CP] Copy Pods Resources";
			outputPaths = (
				"${TARGET_BUILD_DIR}/${UNLOCALIZED_RESOURCES_FOLDER_PATH}",
			);
			runOnlyForDeploymentPostprocessing = 0;
			shellPath = /bin/sh;
			shellScript = "\"${SRCROOT}/Pods/Target Support Files/Pods-bjsc/Pods-bjsc-resources.sh\"\n";
			showEnvVarsInLog = 0;
		};
		FDAB66B96D2DF625A930B8D0 /* [CP] Check Pods Manifest.lock */ = {
			isa = PBXShellScriptBuildPhase;
			buildActionMask = 2147483647;
			files = (
			);
			inputPaths = (
				"${PODS_PODFILE_DIR_PATH}/Podfile.lock",
				"${PODS_ROOT}/Manifest.lock",
			);
			name = "[CP] Check Pods Manifest.lock";
			outputPaths = (
				"$(DERIVED_FILE_DIR)/Pods-bjsc-checkManifestLockResult.txt",
			);
			runOnlyForDeploymentPostprocessing = 0;
			shellPath = /bin/sh;
			shellScript = "diff \"${PODS_PODFILE_DIR_PATH}/Podfile.lock\" \"${PODS_ROOT}/Manifest.lock\" > /dev/null\nif [ $? != 0 ] ; then\n    # print error to STDERR\n    echo \"error: The sandbox is not in sync with the Podfile.lock. Run 'pod install' or update your CocoaPods installation.\" >&2\n    exit 1\nfi\n# This output is used by Xcode 'outputs' to avoid re-running this script phase.\necho \"SUCCESS\" > \"${SCRIPT_OUTPUT_FILE_0}\"\n";
			showEnvVarsInLog = 0;
		};
/* End PBXShellScriptBuildPhase section */

/* Begin PBXSourcesBuildPhase section */
		243EFC9E1FBD30E300DB995A /* Sources */ = {
			isa = PBXSourcesBuildPhase;
			buildActionMask = 2147483647;
			files = (
				2428DFD61FC26CBB000B3408 /* UIImage+Ext.m in Sources */,
				2428DFDA1FC26CBB000B3408 /* UINavigationBar+NavAlpha.m in Sources */,
				0C1647E61FC043F600BC4B4D /* HomeModel.m in Sources */,
				2428DFE81FC26F32000B3408 /* LSNetworkService.m in Sources */,
				0980F5CD1FC1163800714528 /* BSRefreshFooter.m in Sources */,
				2428DFCD1FC26CBB000B3408 /* NSDate+Ext.m in Sources */,
				2428DFD81FC26CBB000B3408 /* UILabel+AdaptiveLabel.m in Sources */,
				2428DFD31FC26CBB000B3408 /* ThemeColorXIBSupports.m in Sources */,
				0C9B31711FC1684400ED7851 /* HomeDetailsTwoTableViewCell.m in Sources */,
				2428DFDF1FC26CBB000B3408 /* ESOpenUDID.m in Sources */,
				0980F5D01FC1163800714528 /* LSTitleContentTableViewCell.m in Sources */,
				243EFCB51FBD30E300DB995A /* main.m in Sources */,
				2428DFF11FC2890E000B3408 /* NumberTableViewCell.m in Sources */,
				2428DFCB1FC26CBB000B3408 /* LPSystemManager.m in Sources */,
				243EFCA71FBD30E300DB995A /* AppDelegate.m in Sources */,
				0980F5CE1FC1163800714528 /* BSRefreshHeader.m in Sources */,
				2428DFCF1FC26CBB000B3408 /* NSDictionary+NullReplacement.m in Sources */,
				2428DFD21FC26CBB000B3408 /* NSString+WSString.m in Sources */,
				2428DF411FC26AFB000B3408 /* LPRequest.m in Sources */,
				2428DFEB1FC28874000B3408 /* NumberView.m in Sources */,
				0CA438C51FBFDAA800AFACB0 /* HomeViewController.m in Sources */,
				0980F5C71FC1163800714528 /* BSTabBarController.m in Sources */,
				2428DFF51FC28BA5000B3408 /* ChartViewModel.m in Sources */,
				2428DFE51FC26D4B000B3408 /* JSONKit.m in Sources */,
				2428DF401FC26AFB000B3408 /* BSUrl.m in Sources */,
				2428DFD91FC26CBB000B3408 /* UINavigationBar+Awesome.m in Sources */,
				2428DFDD1FC26CBB000B3408 /* UIView+UIViewController.m in Sources */,
				2428DFFC1FC2DF43000B3408 /* WebViewController.m in Sources */,
				2428DF3F1FC26AFB000B3408 /* BSHttpService.m in Sources */,
				2428DFE11FC26CBB000B3408 /* PrecentCricleView.m in Sources */,
				2428DFDC1FC26CBB000B3408 /* UIView+Shake.m in Sources */,
				2428DFF91FC2C570000B3408 /* ViewController.m in Sources */,
				2428DFCC1FC26CBB000B3408 /* NSArray+WSArray.m in Sources */,
				2428DF2E1FC265DC000B3408 /* TypeView.m in Sources */,
				2428DFDB1FC26CBB000B3408 /* UIView+Frame.m in Sources */,
				0980F5D91FC1243400714528 /* XXNibBridge.m in Sources */,
				0C1647D51FC00EA100BC4B4D /* HomeDetailsViewController.m in Sources */,
				2428DFDE1FC26CBB000B3408 /* CommonUtils.m in Sources */,
				0CA438BB1FBFD4A700AFACB0 /* HomeCollectionViewCell.m in Sources */,
				2428DFCE1FC26CBB000B3408 /* NSDateFormatter+Ext.m in Sources */,
				0980F5D41FC121C300714528 /* HeaderView.m in Sources */,
				2428DF3E1FC26AFB000B3408 /* BSError.m in Sources */,
				2428DFE01FC26CBB000B3408 /* LPUnitily.m in Sources */,
				0980F5C61FC1163800714528 /* BSViewController.m in Sources */,
				0980F5CF1FC1163800714528 /* BSTitleInputTableViewCell.m in Sources */,
				2428DFD41FC26CBB000B3408 /* UIColor+Ext.m in Sources */,
				0980F5AB1FC114BE00714528 /* ChartViewController.m in Sources */,
				0980F5C91FC1163800714528 /* BSPageControl.m in Sources */,
				2428DF3D1FC26AFB000B3408 /* BaseService.m in Sources */,
				0C9B31681FC14F4F00ED7851 /* HomeDetailsModel.m in Sources */,
				0980F5CC1FC1163800714528 /* BSTextView.m in Sources */,
				0980F5CA1FC1163800714528 /* BSTableViewCell.m in Sources */,
				2428DFD51FC26CBB000B3408 /* UIDevice+Ext.m in Sources */,
				2428DFE21FC26CBB000B3408 /* UtilFunc.m in Sources */,
				2428DFD71FC26CBB000B3408 /* UIImage+Extensions.m in Sources */,
				0C1647E01FC00FD400BC4B4D /* HomeDetailsTableViewCell.m in Sources */,
				2428DFD11FC26CBB000B3408 /* NSString+Ext.m in Sources */,
				0980F5CB1FC1163800714528 /* BSButton.m in Sources */,
				2428DFD01FC26CBB000B3408 /* NSMutableArray+WSMutableArray.m in Sources */,
			);
			runOnlyForDeploymentPostprocessing = 0;
		};
/* End PBXSourcesBuildPhase section */

/* Begin PBXVariantGroup section */
		243EFCAB1FBD30E300DB995A /* Main.storyboard */ = {
			isa = PBXVariantGroup;
			children = (
				243EFCAC1FBD30E300DB995A /* Base */,
			);
			name = Main.storyboard;
			sourceTree = "<group>";
		};
		243EFCB01FBD30E300DB995A /* LaunchScreen.storyboard */ = {
			isa = PBXVariantGroup;
			children = (
				243EFCB11FBD30E300DB995A /* Base */,
			);
			name = LaunchScreen.storyboard;
			sourceTree = "<group>";
		};
/* End PBXVariantGroup section */

/* Begin XCBuildConfiguration section */
		243EFCB61FBD30E300DB995A /* Debug */ = {
			isa = XCBuildConfiguration;
			buildSettings = {
				ALWAYS_SEARCH_USER_PATHS = NO;
				CLANG_ANALYZER_NONNULL = YES;
				CLANG_ANALYZER_NUMBER_OBJECT_CONVERSION = YES_AGGRESSIVE;
				CLANG_CXX_LANGUAGE_STANDARD = "gnu++14";
				CLANG_CXX_LIBRARY = "libc++";
				CLANG_ENABLE_MODULES = YES;
				CLANG_ENABLE_OBJC_ARC = YES;
				CLANG_WARN_BLOCK_CAPTURE_AUTORELEASING = YES;
				CLANG_WARN_BOOL_CONVERSION = YES;
				CLANG_WARN_COMMA = YES;
				CLANG_WARN_CONSTANT_CONVERSION = YES;
				CLANG_WARN_DIRECT_OBJC_ISA_USAGE = YES_ERROR;
				CLANG_WARN_DOCUMENTATION_COMMENTS = YES;
				CLANG_WARN_EMPTY_BODY = YES;
				CLANG_WARN_ENUM_CONVERSION = YES;
				CLANG_WARN_INFINITE_RECURSION = YES;
				CLANG_WARN_INT_CONVERSION = YES;
				CLANG_WARN_NON_LITERAL_NULL_CONVERSION = YES;
				CLANG_WARN_OBJC_LITERAL_CONVERSION = YES;
				CLANG_WARN_OBJC_ROOT_CLASS = YES_ERROR;
				CLANG_WARN_RANGE_LOOP_ANALYSIS = YES;
				CLANG_WARN_STRICT_PROTOTYPES = YES;
				CLANG_WARN_SUSPICIOUS_MOVE = YES;
				CLANG_WARN_UNGUARDED_AVAILABILITY = YES_AGGRESSIVE;
				CLANG_WARN_UNREACHABLE_CODE = YES;
				CLANG_WARN__DUPLICATE_METHOD_MATCH = YES;
				CODE_SIGN_IDENTITY = "iPhone Developer";
				COPY_PHASE_STRIP = NO;
				DEBUG_INFORMATION_FORMAT = dwarf;
				ENABLE_STRICT_OBJC_MSGSEND = YES;
				ENABLE_TESTABILITY = YES;
				GCC_C_LANGUAGE_STANDARD = gnu11;
				GCC_DYNAMIC_NO_PIC = NO;
				GCC_NO_COMMON_BLOCKS = YES;
				GCC_OPTIMIZATION_LEVEL = 0;
				GCC_PREPROCESSOR_DEFINITIONS = (
					"DEBUG=1",
					"$(inherited)",
				);
				GCC_WARN_64_TO_32_BIT_CONVERSION = YES;
				GCC_WARN_ABOUT_RETURN_TYPE = YES_ERROR;
				GCC_WARN_UNDECLARED_SELECTOR = YES;
				GCC_WARN_UNINITIALIZED_AUTOS = YES_AGGRESSIVE;
				GCC_WARN_UNUSED_FUNCTION = YES;
				GCC_WARN_UNUSED_VARIABLE = YES;
				IPHONEOS_DEPLOYMENT_TARGET = 11.0;
				MTL_ENABLE_DEBUG_INFO = YES;
				ONLY_ACTIVE_ARCH = YES;
				SDKROOT = iphoneos;
			};
			name = Debug;
		};
		243EFCB71FBD30E300DB995A /* Release */ = {
			isa = XCBuildConfiguration;
			buildSettings = {
				ALWAYS_SEARCH_USER_PATHS = NO;
				CLANG_ANALYZER_NONNULL = YES;
				CLANG_ANALYZER_NUMBER_OBJECT_CONVERSION = YES_AGGRESSIVE;
				CLANG_CXX_LANGUAGE_STANDARD = "gnu++14";
				CLANG_CXX_LIBRARY = "libc++";
				CLANG_ENABLE_MODULES = YES;
				CLANG_ENABLE_OBJC_ARC = YES;
				CLANG_WARN_BLOCK_CAPTURE_AUTORELEASING = YES;
				CLANG_WARN_BOOL_CONVERSION = YES;
				CLANG_WARN_COMMA = YES;
				CLANG_WARN_CONSTANT_CONVERSION = YES;
				CLANG_WARN_DIRECT_OBJC_ISA_USAGE = YES_ERROR;
				CLANG_WARN_DOCUMENTATION_COMMENTS = YES;
				CLANG_WARN_EMPTY_BODY = YES;
				CLANG_WARN_ENUM_CONVERSION = YES;
				CLANG_WARN_INFINITE_RECURSION = YES;
				CLANG_WARN_INT_CONVERSION = YES;
				CLANG_WARN_NON_LITERAL_NULL_CONVERSION = YES;
				CLANG_WARN_OBJC_LITERAL_CONVERSION = YES;
				CLANG_WARN_OBJC_ROOT_CLASS = YES_ERROR;
				CLANG_WARN_RANGE_LOOP_ANALYSIS = YES;
				CLANG_WARN_STRICT_PROTOTYPES = YES;
				CLANG_WARN_SUSPICIOUS_MOVE = YES;
				CLANG_WARN_UNGUARDED_AVAILABILITY = YES_AGGRESSIVE;
				CLANG_WARN_UNREACHABLE_CODE = YES;
				CLANG_WARN__DUPLICATE_METHOD_MATCH = YES;
				CODE_SIGN_IDENTITY = "iPhone Developer";
				COPY_PHASE_STRIP = NO;
				DEBUG_INFORMATION_FORMAT = "dwarf-with-dsym";
				ENABLE_NS_ASSERTIONS = NO;
				ENABLE_STRICT_OBJC_MSGSEND = YES;
				GCC_C_LANGUAGE_STANDARD = gnu11;
				GCC_NO_COMMON_BLOCKS = YES;
				GCC_WARN_64_TO_32_BIT_CONVERSION = YES;
				GCC_WARN_ABOUT_RETURN_TYPE = YES_ERROR;
				GCC_WARN_UNDECLARED_SELECTOR = YES;
				GCC_WARN_UNINITIALIZED_AUTOS = YES_AGGRESSIVE;
				GCC_WARN_UNUSED_FUNCTION = YES;
				GCC_WARN_UNUSED_VARIABLE = YES;
				IPHONEOS_DEPLOYMENT_TARGET = 11.0;
				MTL_ENABLE_DEBUG_INFO = NO;
				SDKROOT = iphoneos;
				VALIDATE_PRODUCT = YES;
			};
			name = Release;
		};
		243EFCB91FBD30E300DB995A /* Debug */ = {
			isa = XCBuildConfiguration;
			baseConfigurationReference = A3DB7F81FCB3E68AAFBBBF15 /* Pods-bjsc.debug.xcconfig */;
			buildSettings = {
				ASSETCATALOG_COMPILER_APPICON_NAME = AppIcon;
				CODE_SIGN_ENTITLEMENTS = bjsc/bjsc.entitlements;
				CODE_SIGN_STYLE = Manual;
				DEVELOPMENT_TEAM = FEJMVRZ2M4;
				FRAMEWORK_SEARCH_PATHS = (
					"$(inherited)",
					"$(PROJECT_DIR)/bjsc/ThirdParty",
				);
				GCC_PREFIX_HEADER = "$(SRCROOT)/bjsc/PrefixHeader.pch";
				INFOPLIST_FILE = bjsc/Info.plist;
				IPHONEOS_DEPLOYMENT_TARGET = 8.0;
				LD_RUNPATH_SEARCH_PATHS = "$(inherited) @executable_path/Frameworks";
				PRODUCT_BUNDLE_IDENTIFIER = com.beijingsc.www;
				PRODUCT_NAME = "$(TARGET_NAME)";
				PROVISIONING_PROFILE = "5629becc-8180-4165-b5a2-bf37e2da9576";
				PROVISIONING_PROFILE_SPECIFIER = bjsctest;
				TARGETED_DEVICE_FAMILY = "1,2";
			};
			name = Debug;
		};
		243EFCBA1FBD30E300DB995A /* Release */ = {
			isa = XCBuildConfiguration;
			baseConfigurationReference = 8D9C5C95C42AF6EF96A7307F /* Pods-bjsc.release.xcconfig */;
			buildSettings = {
				ASSETCATALOG_COMPILER_APPICON_NAME = AppIcon;
				CODE_SIGN_ENTITLEMENTS = bjsc/bjsc.entitlements;
				CODE_SIGN_STYLE = Manual;
				DEVELOPMENT_TEAM = FEJMVRZ2M4;
				FRAMEWORK_SEARCH_PATHS = (
					"$(inherited)",
					"$(PROJECT_DIR)/bjsc/ThirdParty",
				);
				GCC_PREFIX_HEADER = "$(SRCROOT)/bjsc/PrefixHeader.pch";
				INFOPLIST_FILE = bjsc/Info.plist;
				IPHONEOS_DEPLOYMENT_TARGET = 8.0;
				LD_RUNPATH_SEARCH_PATHS = "$(inherited) @executable_path/Frameworks";
				PRODUCT_BUNDLE_IDENTIFIER = com.beijingsc.www;
				PRODUCT_NAME = "$(TARGET_NAME)";
				PROVISIONING_PROFILE = "5629becc-8180-4165-b5a2-bf37e2da9576";
				PROVISIONING_PROFILE_SPECIFIER = bjsctest;
				TARGETED_DEVICE_FAMILY = "1,2";
			};
			name = Release;
		};
/* End XCBuildConfiguration section */

/* Begin XCConfigurationList section */
		243EFC9D1FBD30E300DB995A /* Build configuration list for PBXProject "bjsc" */ = {
			isa = XCConfigurationList;
			buildConfigurations = (
				243EFCB61FBD30E300DB995A /* Debug */,
				243EFCB71FBD30E300DB995A /* Release */,
			);
			defaultConfigurationIsVisible = 0;
			defaultConfigurationName = Release;
		};
		243EFCB81FBD30E300DB995A /* Build configuration list for PBXNativeTarget "bjsc" */ = {
			isa = XCConfigurationList;
			buildConfigurations = (
				243EFCB91FBD30E300DB995A /* Debug */,
				243EFCBA1FBD30E300DB995A /* Release */,
			);
			defaultConfigurationIsVisible = 0;
			defaultConfigurationName = Release;
		};
/* End XCConfigurationList section */
	};
	rootObject = 243EFC9A1FBD30E300DB995A /* Project object */;
}
